
Microsoft Visual Studio Solution File, Format Version 12.00
# Visual Studio Version 16
Project("{8BC9CEB8-8B4A-11D0-8D11-00A0C91BC942}") = "ALL_BUILD", "ALL_BUILD.vcxproj", "{025DCACF-9B34-3360-AEF7-CC25D973EDF5}"
	ProjectSection(ProjectDependencies) = postProject
		{8A5DA1DF-FE0B-328E-8037-0FD711FF75F7} = {8A5DA1DF-FE0B-328E-8037-0FD711FF75F7}
		{8CB4C782-BE2D-3BD2-8E77-AC91C54F75A2} = {8CB4C782-BE2D-3BD2-8E77-AC91C54F75A2}
		{9817B3CC-F6B0-37C7-9B36-AFD9C20B316F} = {9817B3CC-F6B0-37C7-9B36-AFD9C20B316F}
	EndProjectSection
EndProject
Project("{8BC9CEB8-8B4A-11D0-8D11-00A0C91BC942}") = "ZERO_CHECK", "ZERO_CHECK.vcxproj", "{8A5DA1DF-FE0B-328E-8037-0FD711FF75F7}"
	ProjectSection(ProjectDependencies) = postProject
	EndProjectSection
EndProject
Project("{8BC9CEB8-8B4A-11D0-8D11-00A0C91BC942}") = "calc", "calc.vcxproj", "{8CB4C782-BE2D-3BD2-8E77-AC91C54F75A2}"
	ProjectSection(ProjectDependencies) = postProject
		{8A5DA1DF-FE0B-328E-8037-0FD711FF75F7} = {8A5DA1DF-FE0B-328E-8037-0FD711FF75F7}
		{9817B3CC-F6B0-37C7-9B36-AFD9C20B316F} = {9817B3CC-F6B0-37C7-9B36-AFD9C20B316F}
	EndProjectSection
EndProject
Project("{8BC9CEB8-8B4A-11D0-8D11-00A0C91BC942}") = "maths", "maths.vcxproj", "{9817B3CC-F6B0-37C7-9B36-AFD9C20B316F}"
	ProjectSection(ProjectDependencies) = postProject
		{8A5DA1DF-FE0B-328E-8037-0FD711FF75F7} = {8A5DA1DF-FE0B-328E-8037-0FD711FF75F7}
	EndProjectSection
EndProject
Global
	GlobalSection(SolutionConfigurationPlatforms) = preSolution
		Debug|x64 = Debug|x64
		Release|x64 = Release|x64
		MinSizeRel|x64 = MinSizeRel|x64
		RelWithDebInfo|x64 = RelWithDebInfo|x64
	EndGlobalSection
	GlobalSection(ProjectConfigurationPlatforms) = postSolution
		{025DCACF-9B34-3360-AEF7-CC25D973EDF5}.Debug|x64.ActiveCfg = Debug|x64
		{025DCACF-9B34-3360-AEF7-CC25D973EDF5}.Release|x64.ActiveCfg = Release|x64
		{025DCACF-9B34-3360-AEF7-CC25D973EDF5}.MinSizeRel|x64.ActiveCfg = MinSizeRel|x64
		{025DCACF-9B34-3360-AEF7-CC25D973EDF5}.RelWithDebInfo|x64.ActiveCfg = RelWithDebInfo|x64
		{8A5DA1DF-FE0B-328E-8037-0FD711FF75F7}.Debug|x64.ActiveCfg = Debug|x64
		{8A5DA1DF-FE0B-328E-8037-0FD711FF75F7}.Debug|x64.Build.0 = Debug|x64
		{8A5DA1DF-FE0B-328E-8037-0FD711FF75F7}.Release|x64.ActiveCfg = Release|x64
		{8A5DA1DF-FE0B-328E-8037-0FD711FF75F7}.Release|x64.Build.0 = Release|x64
		{8A5DA1DF-FE0B-328E-8037-0FD711FF75F7}.MinSizeRel|x64.ActiveCfg = MinSizeRel|x64
		{8A5DA1DF-FE0B-328E-8037-0FD711FF75F7}.MinSizeRel|x64.Build.0 = MinSizeRel|x64
		{8A5DA1DF-FE0B-328E-8037-0FD711FF75F7}.RelWithDebInfo|x64.ActiveCfg = RelWithDebInfo|x64
		{8A5DA1DF-FE0B-328E-8037-0FD711FF75F7}.RelWithDebInfo|x64.Build.0 = RelWithDebInfo|x64
		{8CB4C782-BE2D-3BD2-8E77-AC91C54F75A2}.Debug|x64.ActiveCfg = Debug|x64
		{8CB4C782-BE2D-3BD2-8E77-AC91C54F75A2}.Debug|x64.Build.0 = Debug|x64
		{8CB4C782-BE2D-3BD2-8E77-AC91C54F75A2}.Release|x64.ActiveCfg = Release|x64
		{8CB4C782-BE2D-3BD2-8E77-AC91C54F75A2}.Release|x64.Build.0 = Release|x64
		{8CB4C782-BE2D-3BD2-8E77-AC91C54F75A2}.MinSizeRel|x64.ActiveCfg = MinSizeRel|x64
		{8CB4C782-BE2D-3BD2-8E77-AC91C54F75A2}.MinSizeRel|x64.Build.0 = MinSizeRel|x64
		{8CB4C782-BE2D-3BD2-8E77-AC91C54F75A2}.RelWithDebInfo|x64.ActiveCfg = RelWithDebInfo|x64
		{8CB4C782-BE2D-3BD2-8E77-AC91C54F75A2}.RelWithDebInfo|x64.Build.0 = RelWithDebInfo|x64
		{9817B3CC-F6B0-37C7-9B36-AFD9C20B316F}.Debug|x64.ActiveCfg = Debug|x64
		{9817B3CC-F6B0-37C7-9B36-AFD9C20B316F}.Debug|x64.Build.0 = Debug|x64
		{9817B3CC-F6B0-37C7-9B36-AFD9C20B316F}.Release|x64.ActiveCfg = Release|x64
		{9817B3CC-F6B0-37C7-9B36-AFD9C20B316F}.Release|x64.Build.0 = Release|x64
		{9817B3CC-F6B0-37C7-9B36-AFD9C20B316F}.MinSizeRel|x64.ActiveCfg = MinSizeRel|x64
		{9817B3CC-F6B0-37C7-9B36-AFD9C20B316F}.MinSizeRel|x64.Build.0 = MinSizeRel|x64
		{9817B3CC-F6B0-37C7-9B36-AFD9C20B316F}.RelWithDebInfo|x64.ActiveCfg = RelWithDebInfo|x64
		{9817B3CC-F6B0-37C7-9B36-AFD9C20B316F}.RelWithDebInfo|x64.Build.0 = RelWithDebInfo|x64
	EndGlobalSection
	GlobalSection(ExtensibilityGlobals) = postSolution
		SolutionGuid = {D86B7A2B-A6DD-3EF6-9658-D9FD9B187322}
	EndGlobalSection
	GlobalSection(ExtensibilityAddIns) = postSolution
	EndGlobalSection
EndGlobal
