<?xml version="1.0" encoding="utf-8"?>
<Project ToolsVersion="16.0" xmlns="http://schemas.microsoft.com/developer/msbuild/2003">
  <ItemGroup>
    <ClCompile Include="C:\Users\Jetsa\OneDrive\Documents\EEEE2046\Worksheet4\hello_cmake\calc_cmake\calc.cpp">
      <Filter>Source Files</Filter>
    </ClCompile>
  </ItemGroup>
  <ItemGroup>
    <CustomBuild Include="C:\Users\Jetsa\OneDrive\Documents\EEEE2046\Worksheet4\hello_cmake\calc_cmake\CMakeLists.txt" />
  </ItemGroup>
  <ItemGroup>
    <Filter Include="Source Files">
      <UniqueIdentifier>{B0DBC5C6-55D2-3009-8B68-BC6968F0200E}</UniqueIdentifier>
    </Filter>
  </ItemGroup>
</Project>
